
Microsoft Visual Studio Solution File, Format Version 12.00
# Visual Studio 2013
VisualStudioVersion = 12.0.31101.0
MinimumVisualStudioVersion = 10.0.40219.1
Project("{FAE04EC0-301F-11D3-BF4B-00C04F79EFBC}") = "GSMClass", "GSMClass\GSMClass.csproj", "{029498AD-BA5A-49A6-BD31-9D5E2EB70702}"
EndProject
Global
	GlobalSection(SolutionConfigurationPlatforms) = preSolution
		Debug|Any CPU = Debug|Any CPU
		Release|Any CPU = Release|Any CPU
	EndGlobalSection
	GlobalSection(ProjectConfigurationPlatforms) = postSolution
		{029498AD-BA5A-49A6-BD31-9D5E2EB70702}.Debug|Any CPU.ActiveCfg = Debug|Any CPU
		{029498AD-BA5A-49A6-BD31-9D5E2EB70702}.Debug|Any CPU.Build.0 = Debug|Any CPU
		{029498AD-BA5A-49A6-BD31-9D5E2EB70702}.Release|Any CPU.ActiveCfg = Release|Any CPU
		{029498AD-BA5A-49A6-BD31-9D5E2EB70702}.Release|Any CPU.Build.0 = Release|Any CPU
	EndGlobalSection
	GlobalSection(SolutionProperties) = preSolution
		HideSolutionNode = FALSE
	EndGlobalSection
EndGlobal
