
Microsoft Visual Studio Solution File, Format Version 12.00
# Visual Studio 2013
VisualStudioVersion = 12.0.31101.0
MinimumVisualStudioVersion = 10.0.40219.1
Project("{FAE04EC0-301F-11D3-BF4B-00C04F79EFBC}") = "04. HelloCSharp", "HelloCSharp\04. HelloCSharp.csproj", "{4CC22AAE-6DCE-41D2-BB4C-B25D2C15FE1B}"
EndProject
Project("{FAE04EC0-301F-11D3-BF4B-00C04F79EFBC}") = "05. PrintMyName", "PrintMyName\05. PrintMyName.csproj", "{088A2E6B-82F6-4E16-80C6-10C2A7EE3CCC}"
EndProject
Project("{FAE04EC0-301F-11D3-BF4B-00C04F79EFBC}") = "06. PrintThyNumber", "PrintThyNumber\06. PrintThyNumber.csproj", "{A8251E82-F13D-4B5E-AD7A-01D46F60C0C6}"
EndProject
Project("{FAE04EC0-301F-11D3-BF4B-00C04F79EFBC}") = "07. FirstAndLastName", "FirstAndLastName\07. FirstAndLastName.csproj", "{24DDBC9A-9F84-4EE9-A264-7C0891AD553C}"
EndProject
Project("{FAE04EC0-301F-11D3-BF4B-00C04F79EFBC}") = "08. SquareRoot", "SquareRoot\08. SquareRoot.csproj", "{8811D3B7-65B2-4075-AD3A-1682293F321C}"
EndProject
Project("{FAE04EC0-301F-11D3-BF4B-00C04F79EFBC}") = "09. TheSequence", "TheSequence\09. TheSequence.csproj", "{90DD6D14-9B79-46DB-9027-14F059491EBB}"
EndProject
Project("{FAE04EC0-301F-11D3-BF4B-00C04F79EFBC}") = "10. ReformatTheCCode", "ReformatTheCCode\10. ReformatTheCCode.csproj", "{0F5A2D0C-AB88-473F-AD7F-EBA8C08843CF}"
EndProject
Project("{FAE04EC0-301F-11D3-BF4B-00C04F79EFBC}") = "16. TheLoopTo1000", "TheLoopTo1000\16. TheLoopTo1000.csproj", "{E326915C-4455-447D-B7ED-AF440EE95B30}"
EndProject
Project("{FAE04EC0-301F-11D3-BF4B-00C04F79EFBC}") = "15.MyAgeIn10Years", "MyAgeIn10Years\15.MyAgeIn10Years.csproj", "{6BC76D04-8C47-4355-868A-3C2AA3254117}"
EndProject
Project("{FAE04EC0-301F-11D3-BF4B-00C04F79EFBC}") = "14.Current Date and Time", "Current Date and Time\14.Current Date and Time.csproj", "{96EEC82D-A8AA-441F-BF3F-02D02F869E47}"
EndProject
Global
	GlobalSection(SolutionConfigurationPlatforms) = preSolution
		Debug|Any CPU = Debug|Any CPU
		Release|Any CPU = Release|Any CPU
	EndGlobalSection
	GlobalSection(ProjectConfigurationPlatforms) = postSolution
		{4CC22AAE-6DCE-41D2-BB4C-B25D2C15FE1B}.Debug|Any CPU.ActiveCfg = Debug|Any CPU
		{4CC22AAE-6DCE-41D2-BB4C-B25D2C15FE1B}.Debug|Any CPU.Build.0 = Debug|Any CPU
		{4CC22AAE-6DCE-41D2-BB4C-B25D2C15FE1B}.Release|Any CPU.ActiveCfg = Release|Any CPU
		{4CC22AAE-6DCE-41D2-BB4C-B25D2C15FE1B}.Release|Any CPU.Build.0 = Release|Any CPU
		{088A2E6B-82F6-4E16-80C6-10C2A7EE3CCC}.Debug|Any CPU.ActiveCfg = Debug|Any CPU
		{088A2E6B-82F6-4E16-80C6-10C2A7EE3CCC}.Debug|Any CPU.Build.0 = Debug|Any CPU
		{088A2E6B-82F6-4E16-80C6-10C2A7EE3CCC}.Release|Any CPU.ActiveCfg = Release|Any CPU
		{088A2E6B-82F6-4E16-80C6-10C2A7EE3CCC}.Release|Any CPU.Build.0 = Release|Any CPU
		{A8251E82-F13D-4B5E-AD7A-01D46F60C0C6}.Debug|Any CPU.ActiveCfg = Debug|Any CPU
		{A8251E82-F13D-4B5E-AD7A-01D46F60C0C6}.Debug|Any CPU.Build.0 = Debug|Any CPU
		{A8251E82-F13D-4B5E-AD7A-01D46F60C0C6}.Release|Any CPU.ActiveCfg = Release|Any CPU
		{A8251E82-F13D-4B5E-AD7A-01D46F60C0C6}.Release|Any CPU.Build.0 = Release|Any CPU
		{24DDBC9A-9F84-4EE9-A264-7C0891AD553C}.Debug|Any CPU.ActiveCfg = Debug|Any CPU
		{24DDBC9A-9F84-4EE9-A264-7C0891AD553C}.Debug|Any CPU.Build.0 = Debug|Any CPU
		{24DDBC9A-9F84-4EE9-A264-7C0891AD553C}.Release|Any CPU.ActiveCfg = Release|Any CPU
		{24DDBC9A-9F84-4EE9-A264-7C0891AD553C}.Release|Any CPU.Build.0 = Release|Any CPU
		{8811D3B7-65B2-4075-AD3A-1682293F321C}.Debug|Any CPU.ActiveCfg = Debug|Any CPU
		{8811D3B7-65B2-4075-AD3A-1682293F321C}.Debug|Any CPU.Build.0 = Debug|Any CPU
		{8811D3B7-65B2-4075-AD3A-1682293F321C}.Release|Any CPU.ActiveCfg = Release|Any CPU
		{8811D3B7-65B2-4075-AD3A-1682293F321C}.Release|Any CPU.Build.0 = Release|Any CPU
		{90DD6D14-9B79-46DB-9027-14F059491EBB}.Debug|Any CPU.ActiveCfg = Debug|Any CPU
		{90DD6D14-9B79-46DB-9027-14F059491EBB}.Debug|Any CPU.Build.0 = Debug|Any CPU
		{90DD6D14-9B79-46DB-9027-14F059491EBB}.Release|Any CPU.ActiveCfg = Release|Any CPU
		{90DD6D14-9B79-46DB-9027-14F059491EBB}.Release|Any CPU.Build.0 = Release|Any CPU
		{0F5A2D0C-AB88-473F-AD7F-EBA8C08843CF}.Debug|Any CPU.ActiveCfg = Debug|Any CPU
		{0F5A2D0C-AB88-473F-AD7F-EBA8C08843CF}.Debug|Any CPU.Build.0 = Debug|Any CPU
		{0F5A2D0C-AB88-473F-AD7F-EBA8C08843CF}.Release|Any CPU.ActiveCfg = Release|Any CPU
		{0F5A2D0C-AB88-473F-AD7F-EBA8C08843CF}.Release|Any CPU.Build.0 = Release|Any CPU
		{E326915C-4455-447D-B7ED-AF440EE95B30}.Debug|Any CPU.ActiveCfg = Debug|Any CPU
		{E326915C-4455-447D-B7ED-AF440EE95B30}.Debug|Any CPU.Build.0 = Debug|Any CPU
		{E326915C-4455-447D-B7ED-AF440EE95B30}.Release|Any CPU.ActiveCfg = Release|Any CPU
		{E326915C-4455-447D-B7ED-AF440EE95B30}.Release|Any CPU.Build.0 = Release|Any CPU
		{6BC76D04-8C47-4355-868A-3C2AA3254117}.Debug|Any CPU.ActiveCfg = Debug|Any CPU
		{6BC76D04-8C47-4355-868A-3C2AA3254117}.Debug|Any CPU.Build.0 = Debug|Any CPU
		{6BC76D04-8C47-4355-868A-3C2AA3254117}.Release|Any CPU.ActiveCfg = Release|Any CPU
		{6BC76D04-8C47-4355-868A-3C2AA3254117}.Release|Any CPU.Build.0 = Release|Any CPU
		{96EEC82D-A8AA-441F-BF3F-02D02F869E47}.Debug|Any CPU.ActiveCfg = Debug|Any CPU
		{96EEC82D-A8AA-441F-BF3F-02D02F869E47}.Debug|Any CPU.Build.0 = Debug|Any CPU
		{96EEC82D-A8AA-441F-BF3F-02D02F869E47}.Release|Any CPU.ActiveCfg = Release|Any CPU
		{96EEC82D-A8AA-441F-BF3F-02D02F869E47}.Release|Any CPU.Build.0 = Release|Any CPU
	EndGlobalSection
	GlobalSection(SolutionProperties) = preSolution
		HideSolutionNode = FALSE
	EndGlobalSection
EndGlobal
