
Microsoft Visual Studio Solution File, Format Version 12.00
# Visual Studio 14
VisualStudioVersion = 14.0.23107.0
MinimumVisualStudioVersion = 10.0.40219.1
Project("{FAE04EC0-301F-11D3-BF4B-00C04F79EFBC}") = "TimeConverter.Service", "TimeConverter.Service\TimeConverter.Service.csproj", "{CEA42CFA-909F-42DD-BBEA-41FE7E30508B}"
EndProject
Project("{FAE04EC0-301F-11D3-BF4B-00C04F79EFBC}") = "TimeConverter.ConsoleClient", "TimeConverter.ConsoleClient\TimeConverter.ConsoleClient.csproj", "{6408494E-022E-4C6A-9833-B9C5B5099EA6}"
	ProjectSection(ProjectDependencies) = postProject
		{CEA42CFA-909F-42DD-BBEA-41FE7E30508B} = {CEA42CFA-909F-42DD-BBEA-41FE7E30508B}
	EndProjectSection
EndProject
Project("{FAE04EC0-301F-11D3-BF4B-00C04F79EFBC}") = "TextSearcher.Service.Models", "TextSearcher.Service.Models\TextSearcher.Service.Models.csproj", "{F4DB3B0D-0253-4D7E-B1B1-B065AC5A8990}"
EndProject
Project("{FAE04EC0-301F-11D3-BF4B-00C04F79EFBC}") = "TextSearcher.ConsoleClient", "TextSearcher.ConsoleClient\TextSearcher.ConsoleClient.csproj", "{AADA0AD8-44C3-4F37-9E29-668954FD2180}"
EndProject
Project("{FAE04EC0-301F-11D3-BF4B-00C04F79EFBC}") = "TextSearcher.Service.Host", "TextSearcher.Service.Host\TextSearcher.Service.Host.csproj", "{344CFA32-BF51-4396-AFAE-3D7AF6ACC02A}"
EndProject
Global
	GlobalSection(SolutionConfigurationPlatforms) = preSolution
		Debug|Any CPU = Debug|Any CPU
		Release|Any CPU = Release|Any CPU
	EndGlobalSection
	GlobalSection(ProjectConfigurationPlatforms) = postSolution
		{CEA42CFA-909F-42DD-BBEA-41FE7E30508B}.Debug|Any CPU.ActiveCfg = Debug|Any CPU
		{CEA42CFA-909F-42DD-BBEA-41FE7E30508B}.Debug|Any CPU.Build.0 = Debug|Any CPU
		{CEA42CFA-909F-42DD-BBEA-41FE7E30508B}.Release|Any CPU.ActiveCfg = Release|Any CPU
		{CEA42CFA-909F-42DD-BBEA-41FE7E30508B}.Release|Any CPU.Build.0 = Release|Any CPU
		{6408494E-022E-4C6A-9833-B9C5B5099EA6}.Debug|Any CPU.ActiveCfg = Debug|Any CPU
		{6408494E-022E-4C6A-9833-B9C5B5099EA6}.Debug|Any CPU.Build.0 = Debug|Any CPU
		{6408494E-022E-4C6A-9833-B9C5B5099EA6}.Release|Any CPU.ActiveCfg = Release|Any CPU
		{6408494E-022E-4C6A-9833-B9C5B5099EA6}.Release|Any CPU.Build.0 = Release|Any CPU
		{F4DB3B0D-0253-4D7E-B1B1-B065AC5A8990}.Debug|Any CPU.ActiveCfg = Debug|Any CPU
		{F4DB3B0D-0253-4D7E-B1B1-B065AC5A8990}.Debug|Any CPU.Build.0 = Debug|Any CPU
		{F4DB3B0D-0253-4D7E-B1B1-B065AC5A8990}.Release|Any CPU.ActiveCfg = Release|Any CPU
		{F4DB3B0D-0253-4D7E-B1B1-B065AC5A8990}.Release|Any CPU.Build.0 = Release|Any CPU
		{AADA0AD8-44C3-4F37-9E29-668954FD2180}.Debug|Any CPU.ActiveCfg = Debug|Any CPU
		{AADA0AD8-44C3-4F37-9E29-668954FD2180}.Debug|Any CPU.Build.0 = Debug|Any CPU
		{AADA0AD8-44C3-4F37-9E29-668954FD2180}.Release|Any CPU.ActiveCfg = Release|Any CPU
		{AADA0AD8-44C3-4F37-9E29-668954FD2180}.Release|Any CPU.Build.0 = Release|Any CPU
		{344CFA32-BF51-4396-AFAE-3D7AF6ACC02A}.Debug|Any CPU.ActiveCfg = Debug|Any CPU
		{344CFA32-BF51-4396-AFAE-3D7AF6ACC02A}.Debug|Any CPU.Build.0 = Debug|Any CPU
		{344CFA32-BF51-4396-AFAE-3D7AF6ACC02A}.Release|Any CPU.ActiveCfg = Release|Any CPU
		{344CFA32-BF51-4396-AFAE-3D7AF6ACC02A}.Release|Any CPU.Build.0 = Release|Any CPU
	EndGlobalSection
	GlobalSection(SolutionProperties) = preSolution
		HideSolutionNode = FALSE
	EndGlobalSection
EndGlobal
