
Microsoft Visual Studio Solution File, Format Version 12.00
# Visual Studio 2013
VisualStudioVersion = 12.0.31101.0
MinimumVisualStudioVersion = 10.0.40219.1
Project("{FAE04EC0-301F-11D3-BF4B-00C04F79EFBC}") = "01.SchoolClasses", "SchoolClasses\01.SchoolClasses.csproj", "{2FE1D7E6-261F-4D68-B68E-70300ACFFE22}"
EndProject
Project("{FAE04EC0-301F-11D3-BF4B-00C04F79EFBC}") = "02.StudentsAndWorkers", "StudentsAndWorkers\02.StudentsAndWorkers.csproj", "{14900093-0313-43BF-B3DE-E7E7EAA358E3}"
EndProject
Project("{FAE04EC0-301F-11D3-BF4B-00C04F79EFBC}") = "03.AnimalHierarchy", "AnimalHierarchy\03.AnimalHierarchy.csproj", "{230E5572-3EA4-47A6-B694-3A73A8B17B0E}"
EndProject
Global
	GlobalSection(SolutionConfigurationPlatforms) = preSolution
		Debug|Any CPU = Debug|Any CPU
		Release|Any CPU = Release|Any CPU
	EndGlobalSection
	GlobalSection(ProjectConfigurationPlatforms) = postSolution
		{2FE1D7E6-261F-4D68-B68E-70300ACFFE22}.Debug|Any CPU.ActiveCfg = Debug|Any CPU
		{2FE1D7E6-261F-4D68-B68E-70300ACFFE22}.Debug|Any CPU.Build.0 = Debug|Any CPU
		{2FE1D7E6-261F-4D68-B68E-70300ACFFE22}.Release|Any CPU.ActiveCfg = Release|Any CPU
		{2FE1D7E6-261F-4D68-B68E-70300ACFFE22}.Release|Any CPU.Build.0 = Release|Any CPU
		{14900093-0313-43BF-B3DE-E7E7EAA358E3}.Debug|Any CPU.ActiveCfg = Debug|Any CPU
		{14900093-0313-43BF-B3DE-E7E7EAA358E3}.Debug|Any CPU.Build.0 = Debug|Any CPU
		{14900093-0313-43BF-B3DE-E7E7EAA358E3}.Release|Any CPU.ActiveCfg = Release|Any CPU
		{14900093-0313-43BF-B3DE-E7E7EAA358E3}.Release|Any CPU.Build.0 = Release|Any CPU
		{230E5572-3EA4-47A6-B694-3A73A8B17B0E}.Debug|Any CPU.ActiveCfg = Debug|Any CPU
		{230E5572-3EA4-47A6-B694-3A73A8B17B0E}.Debug|Any CPU.Build.0 = Debug|Any CPU
		{230E5572-3EA4-47A6-B694-3A73A8B17B0E}.Release|Any CPU.ActiveCfg = Release|Any CPU
		{230E5572-3EA4-47A6-B694-3A73A8B17B0E}.Release|Any CPU.Build.0 = Release|Any CPU
	EndGlobalSection
	GlobalSection(SolutionProperties) = preSolution
		HideSolutionNode = FALSE
	EndGlobalSection
EndGlobal
