
Microsoft Visual Studio Solution File, Format Version 12.00
# Visual Studio 2013
VisualStudioVersion = 12.0.31101.0
MinimumVisualStudioVersion = 10.0.40219.1
Project("{FAE04EC0-301F-11D3-BF4B-00C04F79EFBC}") = "01.SumOfThreeNumbers", "SumOfThreeNumbers\01.SumOfThreeNumbers.csproj", "{DBC38D5E-D4B6-4138-A9C5-4FC4FEE3A6EB}"
EndProject
Project("{FAE04EC0-301F-11D3-BF4B-00C04F79EFBC}") = "02.PrintCompanyInformation", "PrintCompanyInformation\02.PrintCompanyInformation.csproj", "{94655686-F695-4408-AC82-F44704859BC6}"
EndProject
Project("{FAE04EC0-301F-11D3-BF4B-00C04F79EFBC}") = "03.CirclePerimeterArea", "CirclePerimeterArea\03.CirclePerimeterArea.csproj", "{5CD56B23-72A1-42EC-8F6C-236AE97CC1F4}"
EndProject
Project("{FAE04EC0-301F-11D3-BF4B-00C04F79EFBC}") = "04.CompareNumbers", "CompareNumbers\04.CompareNumbers.csproj", "{5C84E501-B0DC-4954-8178-FC73984E8BF9}"
EndProject
Project("{FAE04EC0-301F-11D3-BF4B-00C04F79EFBC}") = "05.FormattingNumbers", "FormattingNumbers\05.FormattingNumbers.csproj", "{C4025449-F148-4C72-9250-4D13F8BDB53E}"
EndProject
Project("{FAE04EC0-301F-11D3-BF4B-00C04F79EFBC}") = "06.QuadraticEquation", "QuadraticEquation\06.QuadraticEquation.csproj", "{87CB8066-63BE-4B63-A015-7B4167089507}"
EndProject
Project("{FAE04EC0-301F-11D3-BF4B-00C04F79EFBC}") = "07.SumOfFiveNumbers", "SumOfFiveNumbers\07.SumOfFiveNumbers.csproj", "{5A3766FE-3FA8-4148-A870-8EB5116B4522}"
EndProject
Project("{FAE04EC0-301F-11D3-BF4B-00C04F79EFBC}") = "08.LoopToN", "LoopToN\08.LoopToN.csproj", "{7B511F09-5E97-494B-9E38-E8232092000B}"
EndProject
Project("{FAE04EC0-301F-11D3-BF4B-00C04F79EFBC}") = "09.SumOfNewNumbers", "SumOfNewNumbers\09.SumOfNewNumbers.csproj", "{3BD9D708-CB6A-4F9E-A66D-58C766155EBC}"
EndProject
Project("{FAE04EC0-301F-11D3-BF4B-00C04F79EFBC}") = "10.FibonnaciSequence", "FibonnaciSequence\10.FibonnaciSequence.csproj", "{75D4572A-3BAD-4B67-873A-BDCF7C4CE96B}"
EndProject
Project("{FAE04EC0-301F-11D3-BF4B-00C04F79EFBC}") = "11.NumbersInIntervalDividedByGivenNumber", "NumbersInIntervalDividedByGivenNumber\11.NumbersInIntervalDividedByGivenNumber.csproj", "{12A51960-C543-4CBB-A0AB-9235651678FD}"
EndProject
Project("{FAE04EC0-301F-11D3-BF4B-00C04F79EFBC}") = "12.FallingRocks", "FallingRocks\12.FallingRocks.csproj", "{48D29132-0757-4C3D-9DB6-F5DD2DEB706F}"
EndProject
Global
	GlobalSection(SolutionConfigurationPlatforms) = preSolution
		Debug|Any CPU = Debug|Any CPU
		Release|Any CPU = Release|Any CPU
	EndGlobalSection
	GlobalSection(ProjectConfigurationPlatforms) = postSolution
		{DBC38D5E-D4B6-4138-A9C5-4FC4FEE3A6EB}.Debug|Any CPU.ActiveCfg = Debug|Any CPU
		{DBC38D5E-D4B6-4138-A9C5-4FC4FEE3A6EB}.Debug|Any CPU.Build.0 = Debug|Any CPU
		{DBC38D5E-D4B6-4138-A9C5-4FC4FEE3A6EB}.Release|Any CPU.ActiveCfg = Release|Any CPU
		{DBC38D5E-D4B6-4138-A9C5-4FC4FEE3A6EB}.Release|Any CPU.Build.0 = Release|Any CPU
		{94655686-F695-4408-AC82-F44704859BC6}.Debug|Any CPU.ActiveCfg = Debug|Any CPU
		{94655686-F695-4408-AC82-F44704859BC6}.Debug|Any CPU.Build.0 = Debug|Any CPU
		{94655686-F695-4408-AC82-F44704859BC6}.Release|Any CPU.ActiveCfg = Release|Any CPU
		{94655686-F695-4408-AC82-F44704859BC6}.Release|Any CPU.Build.0 = Release|Any CPU
		{5CD56B23-72A1-42EC-8F6C-236AE97CC1F4}.Debug|Any CPU.ActiveCfg = Debug|Any CPU
		{5CD56B23-72A1-42EC-8F6C-236AE97CC1F4}.Debug|Any CPU.Build.0 = Debug|Any CPU
		{5CD56B23-72A1-42EC-8F6C-236AE97CC1F4}.Release|Any CPU.ActiveCfg = Release|Any CPU
		{5CD56B23-72A1-42EC-8F6C-236AE97CC1F4}.Release|Any CPU.Build.0 = Release|Any CPU
		{5C84E501-B0DC-4954-8178-FC73984E8BF9}.Debug|Any CPU.ActiveCfg = Debug|Any CPU
		{5C84E501-B0DC-4954-8178-FC73984E8BF9}.Debug|Any CPU.Build.0 = Debug|Any CPU
		{5C84E501-B0DC-4954-8178-FC73984E8BF9}.Release|Any CPU.ActiveCfg = Release|Any CPU
		{5C84E501-B0DC-4954-8178-FC73984E8BF9}.Release|Any CPU.Build.0 = Release|Any CPU
		{C4025449-F148-4C72-9250-4D13F8BDB53E}.Debug|Any CPU.ActiveCfg = Debug|Any CPU
		{C4025449-F148-4C72-9250-4D13F8BDB53E}.Debug|Any CPU.Build.0 = Debug|Any CPU
		{C4025449-F148-4C72-9250-4D13F8BDB53E}.Release|Any CPU.ActiveCfg = Release|Any CPU
		{C4025449-F148-4C72-9250-4D13F8BDB53E}.Release|Any CPU.Build.0 = Release|Any CPU
		{87CB8066-63BE-4B63-A015-7B4167089507}.Debug|Any CPU.ActiveCfg = Debug|Any CPU
		{87CB8066-63BE-4B63-A015-7B4167089507}.Debug|Any CPU.Build.0 = Debug|Any CPU
		{87CB8066-63BE-4B63-A015-7B4167089507}.Release|Any CPU.ActiveCfg = Release|Any CPU
		{87CB8066-63BE-4B63-A015-7B4167089507}.Release|Any CPU.Build.0 = Release|Any CPU
		{5A3766FE-3FA8-4148-A870-8EB5116B4522}.Debug|Any CPU.ActiveCfg = Debug|Any CPU
		{5A3766FE-3FA8-4148-A870-8EB5116B4522}.Debug|Any CPU.Build.0 = Debug|Any CPU
		{5A3766FE-3FA8-4148-A870-8EB5116B4522}.Release|Any CPU.ActiveCfg = Release|Any CPU
		{5A3766FE-3FA8-4148-A870-8EB5116B4522}.Release|Any CPU.Build.0 = Release|Any CPU
		{7B511F09-5E97-494B-9E38-E8232092000B}.Debug|Any CPU.ActiveCfg = Debug|Any CPU
		{7B511F09-5E97-494B-9E38-E8232092000B}.Debug|Any CPU.Build.0 = Debug|Any CPU
		{7B511F09-5E97-494B-9E38-E8232092000B}.Release|Any CPU.ActiveCfg = Release|Any CPU
		{7B511F09-5E97-494B-9E38-E8232092000B}.Release|Any CPU.Build.0 = Release|Any CPU
		{3BD9D708-CB6A-4F9E-A66D-58C766155EBC}.Debug|Any CPU.ActiveCfg = Debug|Any CPU
		{3BD9D708-CB6A-4F9E-A66D-58C766155EBC}.Debug|Any CPU.Build.0 = Debug|Any CPU
		{3BD9D708-CB6A-4F9E-A66D-58C766155EBC}.Release|Any CPU.ActiveCfg = Release|Any CPU
		{3BD9D708-CB6A-4F9E-A66D-58C766155EBC}.Release|Any CPU.Build.0 = Release|Any CPU
		{75D4572A-3BAD-4B67-873A-BDCF7C4CE96B}.Debug|Any CPU.ActiveCfg = Debug|Any CPU
		{75D4572A-3BAD-4B67-873A-BDCF7C4CE96B}.Debug|Any CPU.Build.0 = Debug|Any CPU
		{75D4572A-3BAD-4B67-873A-BDCF7C4CE96B}.Release|Any CPU.ActiveCfg = Release|Any CPU
		{75D4572A-3BAD-4B67-873A-BDCF7C4CE96B}.Release|Any CPU.Build.0 = Release|Any CPU
		{12A51960-C543-4CBB-A0AB-9235651678FD}.Debug|Any CPU.ActiveCfg = Debug|Any CPU
		{12A51960-C543-4CBB-A0AB-9235651678FD}.Debug|Any CPU.Build.0 = Debug|Any CPU
		{12A51960-C543-4CBB-A0AB-9235651678FD}.Release|Any CPU.ActiveCfg = Release|Any CPU
		{12A51960-C543-4CBB-A0AB-9235651678FD}.Release|Any CPU.Build.0 = Release|Any CPU
		{48D29132-0757-4C3D-9DB6-F5DD2DEB706F}.Debug|Any CPU.ActiveCfg = Debug|Any CPU
		{48D29132-0757-4C3D-9DB6-F5DD2DEB706F}.Debug|Any CPU.Build.0 = Debug|Any CPU
		{48D29132-0757-4C3D-9DB6-F5DD2DEB706F}.Release|Any CPU.ActiveCfg = Release|Any CPU
		{48D29132-0757-4C3D-9DB6-F5DD2DEB706F}.Release|Any CPU.Build.0 = Release|Any CPU
	EndGlobalSection
	GlobalSection(SolutionProperties) = preSolution
		HideSolutionNode = FALSE
	EndGlobalSection
EndGlobal
