
Microsoft Visual Studio Solution File, Format Version 12.00
# Visual Studio 2013
VisualStudioVersion = 12.0.31101.0
MinimumVisualStudioVersion = 10.0.40219.1
Project("{FAE04EC0-301F-11D3-BF4B-00C04F79EFBC}") = "Matrix.Logic", "Matrix.Logic\Matrix.Logic.csproj", "{55893F08-8B84-4001-B09B-7B37D43CB42A}"
EndProject
Project("{FAE04EC0-301F-11D3-BF4B-00C04F79EFBC}") = "Matrix.Tests", "Matrix.Tests\Matrix.Tests.csproj", "{621D4095-F7E8-486F-B08D-10EA5E136205}"
EndProject
Global
	GlobalSection(SolutionConfigurationPlatforms) = preSolution
		Debug|Any CPU = Debug|Any CPU
		Release|Any CPU = Release|Any CPU
	EndGlobalSection
	GlobalSection(ProjectConfigurationPlatforms) = postSolution
		{55893F08-8B84-4001-B09B-7B37D43CB42A}.Debug|Any CPU.ActiveCfg = Debug|Any CPU
		{55893F08-8B84-4001-B09B-7B37D43CB42A}.Debug|Any CPU.Build.0 = Debug|Any CPU
		{55893F08-8B84-4001-B09B-7B37D43CB42A}.Release|Any CPU.ActiveCfg = Release|Any CPU
		{55893F08-8B84-4001-B09B-7B37D43CB42A}.Release|Any CPU.Build.0 = Release|Any CPU
		{621D4095-F7E8-486F-B08D-10EA5E136205}.Debug|Any CPU.ActiveCfg = Debug|Any CPU
		{621D4095-F7E8-486F-B08D-10EA5E136205}.Debug|Any CPU.Build.0 = Debug|Any CPU
		{621D4095-F7E8-486F-B08D-10EA5E136205}.Release|Any CPU.ActiveCfg = Release|Any CPU
		{621D4095-F7E8-486F-B08D-10EA5E136205}.Release|Any CPU.Build.0 = Release|Any CPU
	EndGlobalSection
	GlobalSection(SolutionProperties) = preSolution
		HideSolutionNode = FALSE
	EndGlobalSection
EndGlobal
