
Microsoft Visual Studio Solution File, Format Version 12.00
# Visual Studio 2013
VisualStudioVersion = 12.0.31101.0
MinimumVisualStudioVersion = 10.0.40219.1
Project("{FAE04EC0-301F-11D3-BF4B-00C04F79EFBC}") = "01.SquareRoot", "SquareRoot\01.SquareRoot.csproj", "{E06C7D02-1B80-4B72-BD3B-6BEE910FACFD}"
EndProject
Project("{FAE04EC0-301F-11D3-BF4B-00C04F79EFBC}") = "02.EnterNumbers", "EnterNumbers\02.EnterNumbers.csproj", "{28470E1A-B224-4D47-86EB-34B99DC1601B}"
EndProject
Project("{FAE04EC0-301F-11D3-BF4B-00C04F79EFBC}") = "03.ReadFileContents", "ReadFileContents\03.ReadFileContents.csproj", "{54A15F77-F0F1-4B03-AA9A-C72B401D455E}"
EndProject
Project("{FAE04EC0-301F-11D3-BF4B-00C04F79EFBC}") = "04.DownloadFile", "DownloadFile\04.DownloadFile.csproj", "{2B81DDD4-B73E-4E1C-8E94-946FD64FF678}"
EndProject
Global
	GlobalSection(SolutionConfigurationPlatforms) = preSolution
		Debug|Any CPU = Debug|Any CPU
		Release|Any CPU = Release|Any CPU
	EndGlobalSection
	GlobalSection(ProjectConfigurationPlatforms) = postSolution
		{E06C7D02-1B80-4B72-BD3B-6BEE910FACFD}.Debug|Any CPU.ActiveCfg = Debug|Any CPU
		{E06C7D02-1B80-4B72-BD3B-6BEE910FACFD}.Debug|Any CPU.Build.0 = Debug|Any CPU
		{E06C7D02-1B80-4B72-BD3B-6BEE910FACFD}.Release|Any CPU.ActiveCfg = Release|Any CPU
		{E06C7D02-1B80-4B72-BD3B-6BEE910FACFD}.Release|Any CPU.Build.0 = Release|Any CPU
		{28470E1A-B224-4D47-86EB-34B99DC1601B}.Debug|Any CPU.ActiveCfg = Debug|Any CPU
		{28470E1A-B224-4D47-86EB-34B99DC1601B}.Debug|Any CPU.Build.0 = Debug|Any CPU
		{28470E1A-B224-4D47-86EB-34B99DC1601B}.Release|Any CPU.ActiveCfg = Release|Any CPU
		{28470E1A-B224-4D47-86EB-34B99DC1601B}.Release|Any CPU.Build.0 = Release|Any CPU
		{54A15F77-F0F1-4B03-AA9A-C72B401D455E}.Debug|Any CPU.ActiveCfg = Debug|Any CPU
		{54A15F77-F0F1-4B03-AA9A-C72B401D455E}.Debug|Any CPU.Build.0 = Debug|Any CPU
		{54A15F77-F0F1-4B03-AA9A-C72B401D455E}.Release|Any CPU.ActiveCfg = Release|Any CPU
		{54A15F77-F0F1-4B03-AA9A-C72B401D455E}.Release|Any CPU.Build.0 = Release|Any CPU
		{2B81DDD4-B73E-4E1C-8E94-946FD64FF678}.Debug|Any CPU.ActiveCfg = Debug|Any CPU
		{2B81DDD4-B73E-4E1C-8E94-946FD64FF678}.Debug|Any CPU.Build.0 = Debug|Any CPU
		{2B81DDD4-B73E-4E1C-8E94-946FD64FF678}.Release|Any CPU.ActiveCfg = Release|Any CPU
		{2B81DDD4-B73E-4E1C-8E94-946FD64FF678}.Release|Any CPU.Build.0 = Release|Any CPU
	EndGlobalSection
	GlobalSection(SolutionProperties) = preSolution
		HideSolutionNode = FALSE
	EndGlobalSection
EndGlobal
